
Microsoft Visual Studio Solution File, Format Version 12.00
# Visual Studio 15
VisualStudioVersion = 15.0.27130.2036
MinimumVisualStudioVersion = 10.0.40219.1
Project("{FAE04EC0-301F-11D3-BF4B-00C04F79EFBC}") = "ImageToIcon", "src\ImageToIcon.csproj", "{80F4A31D-BB95-4ED1-95CE-E1057389BEF8}"
EndProject
Global
	GlobalSection(SolutionConfigurationPlatforms) = preSolution
		Debug|Any CPU = Debug|Any CPU
		Release|Any CPU = Release|Any CPU
	EndGlobalSection
	GlobalSection(ProjectConfigurationPlatforms) = postSolution
		{80F4A31D-BB95-4ED1-95CE-E1057389BEF8}.Debug|Any CPU.ActiveCfg = Debug|Any CPU
		{80F4A31D-BB95-4ED1-95CE-E1057389BEF8}.Debug|Any CPU.Build.0 = Debug|Any CPU
		{80F4A31D-BB95-4ED1-95CE-E1057389BEF8}.Release|Any CPU.ActiveCfg = Release|Any CPU
		{80F4A31D-BB95-4ED1-95CE-E1057389BEF8}.Release|Any CPU.Build.0 = Release|Any CPU
	EndGlobalSection
	GlobalSection(SolutionProperties) = preSolution
		HideSolutionNode = FALSE
	EndGlobalSection
	GlobalSection(ExtensibilityGlobals) = postSolution
		SolutionGuid = {AD621155-E25E-4F8A-8D9F-C7E7F88E2463}
	EndGlobalSection
EndGlobal
